// !$*UTF8*$!
{
	archiveVersion = 1;
	classes = {
	};
	objectVersion = 46;
	objects = {

/* Begin PBXBuildFile section */
		381190381F32588F007A2724 /* GnoquiProtocol.swift in Sources */ = {isa = PBXBuildFile; fileRef = 381190371F32588F007A2724 /* GnoquiProtocol.swift */; };
		3886A32C1F34E31F00A63238 /* GnoquiDetailTableViewCell.swift in Sources */ = {isa = PBXBuildFile; fileRef = 3886A32B1F34E31F00A63238 /* GnoquiDetailTableViewCell.swift */; };
		38BE87D61F32F5A700F23FEA /* FuncHelpers.swift in Sources */ = {isa = PBXBuildFile; fileRef = 38BE87D51F32F5A700F23FEA /* FuncHelpers.swift */; };
		38BE87FB1F334AE000F23FEA /* UIImageViewExtension.swift in Sources */ = {isa = PBXBuildFile; fileRef = 38BE87FA1F334AE000F23FEA /* UIImageViewExtension.swift */; };
		38C933531F3216BF00671A32 /* AppDelegate.swift in Sources */ = {isa = PBXBuildFile; fileRef = 38C933521F3216BF00671A32 /* AppDelegate.swift */; };
		38C933551F3216BF00671A32 /* ViewController.swift in Sources */ = {isa = PBXBuildFile; fileRef = 38C933541F3216BF00671A32 /* ViewController.swift */; };
		38C933581F3216C000671A32 /* Main.storyboard in Resources */ = {isa = PBXBuildFile; fileRef = 38C933561F3216C000671A32 /* Main.storyboard */; };
		38C9335A1F3216C000671A32 /* Assets.xcassets in Resources */ = {isa = PBXBuildFile; fileRef = 38C933591F3216C000671A32 /* Assets.xcassets */; };
		38C9335D1F3216C000671A32 /* LaunchScreen.storyboard in Resources */ = {isa = PBXBuildFile; fileRef = 38C9335B1F3216C000671A32 /* LaunchScreen.storyboard */; };
		38C933651F3216FA00671A32 /* InputData.swift in Sources */ = {isa = PBXBuildFile; fileRef = 38C933641F3216FA00671A32 /* InputData.swift */; };
		38C933671F32176500671A32 /* Gnoqui.swift in Sources */ = {isa = PBXBuildFile; fileRef = 38C933661F32176500671A32 /* Gnoqui.swift */; };
		38C9336B1F3236E800671A32 /* GnoquiTableViewCell.swift in Sources */ = {isa = PBXBuildFile; fileRef = 38C9336A1F3236E800671A32 /* GnoquiTableViewCell.swift */; };
		38C933741F323CFC00671A32 /* GnoquiViewViewModel.swift in Sources */ = {isa = PBXBuildFile; fileRef = 38C933731F323CFC00671A32 /* GnoquiViewViewModel.swift */; };
		38E1FE351F33A45C000AFFA5 /* GnoquiDetailViewController.swift in Sources */ = {isa = PBXBuildFile; fileRef = 38E1FE341F33A45C000AFFA5 /* GnoquiDetailViewController.swift */; };
/* End PBXBuildFile section */

/* Begin PBXFileReference section */
		381190371F32588F007A2724 /* GnoquiProtocol.swift */ = {isa = PBXFileReference; lastKnownFileType = sourcecode.swift; path = GnoquiProtocol.swift; sourceTree = "<group>"; };
		3886A32B1F34E31F00A63238 /* GnoquiDetailTableViewCell.swift */ = {isa = PBXFileReference; lastKnownFileType = sourcecode.swift; path = GnoquiDetailTableViewCell.swift; sourceTree = "<group>"; };
		38BE87D51F32F5A700F23FEA /* FuncHelpers.swift */ = {isa = PBXFileReference; lastKnownFileType = sourcecode.swift; path = FuncHelpers.swift; sourceTree = "<group>"; };
		38BE87FA1F334AE000F23FEA /* UIImageViewExtension.swift */ = {isa = PBXFileReference; lastKnownFileType = sourcecode.swift; path = UIImageViewExtension.swift; sourceTree = "<group>"; };
		38C9334F1F3216BF00671A32 /* Gnoquis.app */ = {isa = PBXFileReference; explicitFileType = wrapper.application; includeInIndex = 0; path = Gnoquis.app; sourceTree = BUILT_PRODUCTS_DIR; };
		38C933521F3216BF00671A32 /* AppDelegate.swift */ = {isa = PBXFileReference; lastKnownFileType = sourcecode.swift; path = AppDelegate.swift; sourceTree = "<group>"; };
		38C933541F3216BF00671A32 /* ViewController.swift */ = {isa = PBXFileReference; lastKnownFileType = sourcecode.swift; path = ViewController.swift; sourceTree = "<group>"; };
		38C933571F3216C000671A32 /* Base */ = {isa = PBXFileReference; lastKnownFileType = file.storyboard; name = Base; path = Base.lproj/Main.storyboard; sourceTree = "<group>"; };
		38C933591F3216C000671A32 /* Assets.xcassets */ = {isa = PBXFileReference; lastKnownFileType = folder.assetcatalog; path = Assets.xcassets; sourceTree = "<group>"; };
		38C9335C1F3216C000671A32 /* Base */ = {isa = PBXFileReference; lastKnownFileType = file.storyboard; name = Base; path = Base.lproj/LaunchScreen.storyboard; sourceTree = "<group>"; };
		38C9335E1F3216C000671A32 /* Info.plist */ = {isa = PBXFileReference; lastKnownFileType = text.plist.xml; path = Info.plist; sourceTree = "<group>"; };
		38C933641F3216FA00671A32 /* InputData.swift */ = {isa = PBXFileReference; lastKnownFileType = sourcecode.swift; path = InputData.swift; sourceTree = "<group>"; };
		38C933661F32176500671A32 /* Gnoqui.swift */ = {isa = PBXFileReference; lastKnownFileType = sourcecode.swift; path = Gnoqui.swift; sourceTree = "<group>"; };
		38C9336A1F3236E800671A32 /* GnoquiTableViewCell.swift */ = {isa = PBXFileReference; fileEncoding = 4; lastKnownFileType = sourcecode.swift; path = GnoquiTableViewCell.swift; sourceTree = "<group>"; };
		38C933731F323CFC00671A32 /* GnoquiViewViewModel.swift */ = {isa = PBXFileReference; lastKnownFileType = sourcecode.swift; path = GnoquiViewViewModel.swift; sourceTree = "<group>"; };
		38E1FE341F33A45C000AFFA5 /* GnoquiDetailViewController.swift */ = {isa = PBXFileReference; lastKnownFileType = sourcecode.swift; path = GnoquiDetailViewController.swift; sourceTree = "<group>"; };
/* End PBXFileReference section */

/* Begin PBXFrameworksBuildPhase section */
		38C9334C1F3216BF00671A32 /* Frameworks */ = {
			isa = PBXFrameworksBuildPhase;
			buildActionMask = 2147483647;
			files = (
			);
			runOnlyForDeploymentPostprocessing = 0;
		};
/* End PBXFrameworksBuildPhase section */

/* Begin PBXGroup section */
		381190361F325856007A2724 /* Protocolos */ = {
			isa = PBXGroup;
			children = (
				381190371F32588F007A2724 /* GnoquiProtocol.swift */,
			);
			path = Protocolos;
			sourceTree = "<group>";
		};
		3886A32A1F34E2E900A63238 /* Table View Cell */ = {
			isa = PBXGroup;
			children = (
				3886A32B1F34E31F00A63238 /* GnoquiDetailTableViewCell.swift */,
			);
			path = "Table View Cell";
			sourceTree = "<group>";
		};
		38BE87F91F334AB100F23FEA /* Extensiones */ = {
			isa = PBXGroup;
			children = (
				38BE87FA1F334AE000F23FEA /* UIImageViewExtension.swift */,
			);
			path = Extensiones;
			sourceTree = "<group>";
		};
		38C933461F3216BF00671A32 = {
			isa = PBXGroup;
			children = (
				38C933511F3216BF00671A32 /* Gnoquis */,
				38C933501F3216BF00671A32 /* Products */,
			);
			sourceTree = "<group>";
		};
		38C933501F3216BF00671A32 /* Products */ = {
			isa = PBXGroup;
			children = (
				38C9334F1F3216BF00671A32 /* Gnoquis.app */,
			);
			name = Products;
			sourceTree = "<group>";
		};
		38C933511F3216BF00671A32 /* Gnoquis */ = {
			isa = PBXGroup;
			children = (
				38C9336F1F323BFD00671A32 /* Application Delegate */,
				38C9336E1F323BE500671A32 /* Recursos */,
				38C9336D1F323BC900671A32 /* View Controllers */,
				38C9336C1F323BAA00671A32 /* Modelos */,
				38BE87F91F334AB100F23FEA /* Extensiones */,
				38C933561F3216C000671A32 /* Main.storyboard */,
				38C933591F3216C000671A32 /* Assets.xcassets */,
				38C9335B1F3216C000671A32 /* LaunchScreen.storyboard */,
				38C9335E1F3216C000671A32 /* Info.plist */,
			);
			path = Gnoquis;
			sourceTree = "<group>";
		};
		38C9336C1F323BAA00671A32 /* Modelos */ = {
			isa = PBXGroup;
			children = (
				38C933661F32176500671A32 /* Gnoqui.swift */,
			);
			path = Modelos;
			sourceTree = "<group>";
		};
		38C9336D1F323BC900671A32 /* View Controllers */ = {
			isa = PBXGroup;
			children = (
				38E1FE331F33A410000AFFA5 /* Gnoqui Datail View Controller */,
				38C933711F323C6300671A32 /* Gnoqui View Controller */,
			);
			path = "View Controllers";
			sourceTree = "<group>";
		};
		38C9336E1F323BE500671A32 /* Recursos */ = {
			isa = PBXGroup;
			children = (
				38C933641F3216FA00671A32 /* InputData.swift */,
				38BE87D51F32F5A700F23FEA /* FuncHelpers.swift */,
			);
			path = Recursos;
			sourceTree = "<group>";
		};
		38C9336F1F323BFD00671A32 /* Application Delegate */ = {
			isa = PBXGroup;
			children = (
				38C933521F3216BF00671A32 /* AppDelegate.swift */,
			);
			path = "Application Delegate";
			sourceTree = "<group>";
		};
		38C933701F323C1600671A32 /* Table View Cell */ = {
			isa = PBXGroup;
			children = (
				38C9336A1F3236E800671A32 /* GnoquiTableViewCell.swift */,
			);
			path = "Table View Cell";
			sourceTree = "<group>";
		};
		38C933711F323C6300671A32 /* Gnoqui View Controller */ = {
			isa = PBXGroup;
			children = (
				38C933541F3216BF00671A32 /* ViewController.swift */,
				381190361F325856007A2724 /* Protocolos */,
				38C933721F323CAC00671A32 /* View Model */,
				38C933701F323C1600671A32 /* Table View Cell */,
			);
			path = "Gnoqui View Controller";
			sourceTree = "<group>";
		};
		38C933721F323CAC00671A32 /* View Model */ = {
			isa = PBXGroup;
			children = (
				38C933731F323CFC00671A32 /* GnoquiViewViewModel.swift */,
			);
			path = "View Model";
			sourceTree = "<group>";
		};
		38E1FE331F33A410000AFFA5 /* Gnoqui Datail View Controller */ = {
			isa = PBXGroup;
			children = (
				3886A32A1F34E2E900A63238 /* Table View Cell */,
				38E1FE341F33A45C000AFFA5 /* GnoquiDetailViewController.swift */,
			);
			path = "Gnoqui Datail View Controller";
			sourceTree = "<group>";
		};
/* End PBXGroup section */

/* Begin PBXNativeTarget section */
		38C9334E1F3216BF00671A32 /* Gnoquis */ = {
			isa = PBXNativeTarget;
			buildConfigurationList = 38C933611F3216C000671A32 /* Build configuration list for PBXNativeTarget "Gnoquis" */;
			buildPhases = (
				38C9334B1F3216BF00671A32 /* Sources */,
				38C9334C1F3216BF00671A32 /* Frameworks */,
				38C9334D1F3216BF00671A32 /* Resources */,
			);
			buildRules = (
			);
			dependencies = (
			);
			name = Gnoquis;
			productName = Gnoquis;
			productReference = 38C9334F1F3216BF00671A32 /* Gnoquis.app */;
			productType = "com.apple.product-type.application";
		};
/* End PBXNativeTarget section */

/* Begin PBXProject section */
		38C933471F3216BF00671A32 /* Project object */ = {
			isa = PBXProject;
			attributes = {
				LastSwiftUpdateCheck = 0900;
				LastUpgradeCheck = 0900;
				ORGANIZATIONNAME = "Rafa Cosin";
				TargetAttributes = {
					38C9334E1F3216BF00671A32 = {
						CreatedOnToolsVersion = 9.0;
						DevelopmentTeam = 9EDZ5LUZ76;
					};
				};
			};
			buildConfigurationList = 38C9334A1F3216BF00671A32 /* Build configuration list for PBXProject "Gnoquis" */;
			compatibilityVersion = "Xcode 3.2";
			developmentRegion = en;
			hasScannedForEncodings = 0;
			knownRegions = (
				en,
				Base,
			);
			mainGroup = 38C933461F3216BF00671A32;
			productRefGroup = 38C933501F3216BF00671A32 /* Products */;
			projectDirPath = "";
			projectRoot = "";
			targets = (
				38C9334E1F3216BF00671A32 /* Gnoquis */,
			);
		};
/* End PBXProject section */

/* Begin PBXResourcesBuildPhase section */
		38C9334D1F3216BF00671A32 /* Resources */ = {
			isa = PBXResourcesBuildPhase;
			buildActionMask = 2147483647;
			files = (
				38C9335D1F3216C000671A32 /* LaunchScreen.storyboard in Resources */,
				38C9335A1F3216C000671A32 /* Assets.xcassets in Resources */,
				38C933581F3216C000671A32 /* Main.storyboard in Resources */,
			);
			runOnlyForDeploymentPostprocessing = 0;
		};
/* End PBXResourcesBuildPhase section */

/* Begin PBXSourcesBuildPhase section */
		38C9334B1F3216BF00671A32 /* Sources */ = {
			isa = PBXSourcesBuildPhase;
			buildActionMask = 2147483647;
			files = (
				38C933741F323CFC00671A32 /* GnoquiViewViewModel.swift in Sources */,
				38C933551F3216BF00671A32 /* ViewController.swift in Sources */,
				3886A32C1F34E31F00A63238 /* GnoquiDetailTableViewCell.swift in Sources */,
				38C933651F3216FA00671A32 /* InputData.swift in Sources */,
				38BE87D61F32F5A700F23FEA /* FuncHelpers.swift in Sources */,
				38C933671F32176500671A32 /* Gnoqui.swift in Sources */,
				38BE87FB1F334AE000F23FEA /* UIImageViewExtension.swift in Sources */,
				381190381F32588F007A2724 /* GnoquiProtocol.swift in Sources */,
				38E1FE351F33A45C000AFFA5 /* GnoquiDetailViewController.swift in Sources */,
				38C9336B1F3236E800671A32 /* GnoquiTableViewCell.swift in Sources */,
				38C933531F3216BF00671A32 /* AppDelegate.swift in Sources */,
			);
			runOnlyForDeploymentPostprocessing = 0;
		};
/* End PBXSourcesBuildPhase section */

/* Begin PBXVariantGroup section */
		38C933561F3216C000671A32 /* Main.storyboard */ = {
			isa = PBXVariantGroup;
			children = (
				38C933571F3216C000671A32 /* Base */,
			);
			name = Main.storyboard;
			sourceTree = "<group>";
		};
		38C9335B1F3216C000671A32 /* LaunchScreen.storyboard */ = {
			isa = PBXVariantGroup;
			children = (
				38C9335C1F3216C000671A32 /* Base */,
			);
			name = LaunchScreen.storyboard;
			sourceTree = "<group>";
		};
/* End PBXVariantGroup section */

/* Begin XCBuildConfiguration section */
		38C9335F1F3216C000671A32 /* Debug */ = {
			isa = XCBuildConfiguration;
			buildSettings = {
				ALWAYS_SEARCH_USER_PATHS = NO;
				CLANG_ANALYZER_NONNULL = YES;
				CLANG_ANALYZER_NUMBER_OBJECT_CONVERSION = YES_AGGRESSIVE;
				CLANG_CXX_LANGUAGE_STANDARD = "gnu++14";
				CLANG_CXX_LIBRARY = "libc++";
				CLANG_ENABLE_MODULES = YES;
				CLANG_ENABLE_OBJC_ARC = YES;
				CLANG_WARN_BLOCK_CAPTURE_AUTORELEASING = YES;
				CLANG_WARN_BOOL_CONVERSION = YES;
				CLANG_WARN_COMMA = YES;
				CLANG_WARN_CONSTANT_CONVERSION = YES;
				CLANG_WARN_DIRECT_OBJC_ISA_USAGE = YES_ERROR;
				CLANG_WARN_DOCUMENTATION_COMMENTS = YES;
				CLANG_WARN_EMPTY_BODY = YES;
				CLANG_WARN_ENUM_CONVERSION = YES;
				CLANG_WARN_INFINITE_RECURSION = YES;
				CLANG_WARN_INT_CONVERSION = YES;
				CLANG_WARN_NON_LITERAL_NULL_CONVERSION = YES;
				CLANG_WARN_OBJC_LITERAL_CONVERSION = YES;
				CLANG_WARN_OBJC_ROOT_CLASS = YES_ERROR;
				CLANG_WARN_RANGE_LOOP_ANALYSIS = YES;
				CLANG_WARN_STRICT_PROTOTYPES = YES;
				CLANG_WARN_SUSPICIOUS_MOVE = YES;
				CLANG_WARN_UNGUARDED_AVAILABILITY = YES_AGGRESSIVE;
				CLANG_WARN_UNREACHABLE_CODE = YES;
				CLANG_WARN__DUPLICATE_METHOD_MATCH = YES;
				CODE_SIGN_IDENTITY = "iPhone Developer";
				COPY_PHASE_STRIP = NO;
				DEBUG_INFORMATION_FORMAT = dwarf;
				ENABLE_STRICT_OBJC_MSGSEND = YES;
				ENABLE_TESTABILITY = YES;
				GCC_C_LANGUAGE_STANDARD = gnu11;
				GCC_DYNAMIC_NO_PIC = NO;
				GCC_NO_COMMON_BLOCKS = YES;
				GCC_OPTIMIZATION_LEVEL = 0;
				GCC_PREPROCESSOR_DEFINITIONS = (
					"DEBUG=1",
					"$(inherited)",
				);
				GCC_WARN_64_TO_32_BIT_CONVERSION = YES;
				GCC_WARN_ABOUT_RETURN_TYPE = YES_ERROR;
				GCC_WARN_UNDECLARED_SELECTOR = YES;
				GCC_WARN_UNINITIALIZED_AUTOS = YES_AGGRESSIVE;
				GCC_WARN_UNUSED_FUNCTION = YES;
				GCC_WARN_UNUSED_VARIABLE = YES;
				IPHONEOS_DEPLOYMENT_TARGET = 11.0;
				MTL_ENABLE_DEBUG_INFO = YES;
				ONLY_ACTIVE_ARCH = YES;
				SDKROOT = iphoneos;
				SWIFT_ACTIVE_COMPILATION_CONDITIONS = DEBUG;
				SWIFT_OPTIMIZATION_LEVEL = "-Onone";
			};
			name = Debug;
		};
		38C933601F3216C000671A32 /* Release */ = {
			isa = XCBuildConfiguration;
			buildSettings = {
				ALWAYS_SEARCH_USER_PATHS = NO;
				CLANG_ANALYZER_NONNULL = YES;
				CLANG_ANALYZER_NUMBER_OBJECT_CONVERSION = YES_AGGRESSIVE;
				CLANG_CXX_LANGUAGE_STANDARD = "gnu++14";
				CLANG_CXX_LIBRARY = "libc++";
				CLANG_ENABLE_MODULES = YES;
				CLANG_ENABLE_OBJC_ARC = YES;
				CLANG_WARN_BLOCK_CAPTURE_AUTORELEASING = YES;
				CLANG_WARN_BOOL_CONVERSION = YES;
				CLANG_WARN_COMMA = YES;
				CLANG_WARN_CONSTANT_CONVERSION = YES;
				CLANG_WARN_DIRECT_OBJC_ISA_USAGE = YES_ERROR;
				CLANG_WARN_DOCUMENTATION_COMMENTS = YES;
				CLANG_WARN_EMPTY_BODY = YES;
				CLANG_WARN_ENUM_CONVERSION = YES;
				CLANG_WARN_INFINITE_RECURSION = YES;
				CLANG_WARN_INT_CONVERSION = YES;
				CLANG_WARN_NON_LITERAL_NULL_CONVERSION = YES;
				CLANG_WARN_OBJC_LITERAL_CONVERSION = YES;
				CLANG_WARN_OBJC_ROOT_CLASS = YES_ERROR;
				CLANG_WARN_RANGE_LOOP_ANALYSIS = YES;
				CLANG_WARN_STRICT_PROTOTYPES = YES;
				CLANG_WARN_SUSPICIOUS_MOVE = YES;
				CLANG_WARN_UNGUARDED_AVAILABILITY = YES_AGGRESSIVE;
				CLANG_WARN_UNREACHABLE_CODE = YES;
				CLANG_WARN__DUPLICATE_METHOD_MATCH = YES;
				CODE_SIGN_IDENTITY = "iPhone Developer";
				COPY_PHASE_STRIP = NO;
				DEBUG_INFORMATION_FORMAT = "dwarf-with-dsym";
				ENABLE_NS_ASSERTIONS = NO;
				ENABLE_STRICT_OBJC_MSGSEND = YES;
				GCC_C_LANGUAGE_STANDARD = gnu11;
				GCC_NO_COMMON_BLOCKS = YES;
				GCC_WARN_64_TO_32_BIT_CONVERSION = YES;
				GCC_WARN_ABOUT_RETURN_TYPE = YES_ERROR;
				GCC_WARN_UNDECLARED_SELECTOR = YES;
				GCC_WARN_UNINITIALIZED_AUTOS = YES_AGGRESSIVE;
				GCC_WARN_UNUSED_FUNCTION = YES;
				GCC_WARN_UNUSED_VARIABLE = YES;
				IPHONEOS_DEPLOYMENT_TARGET = 11.0;
				MTL_ENABLE_DEBUG_INFO = NO;
				SDKROOT = iphoneos;
				SWIFT_OPTIMIZATION_LEVEL = "-Owholemodule";
				VALIDATE_PRODUCT = YES;
			};
			name = Release;
		};
		38C933621F3216C000671A32 /* Debug */ = {
			isa = XCBuildConfiguration;
			buildSettings = {
				ASSETCATALOG_COMPILER_APPICON_NAME = AppIcon;
				DEVELOPMENT_TEAM = 9EDZ5LUZ76;
				INFOPLIST_FILE = Gnoquis/Info.plist;
				LD_RUNPATH_SEARCH_PATHS = "$(inherited) @executable_path/Frameworks";
				PRODUCT_BUNDLE_IDENTIFIER = com.rafacosin.Gnoquis;
				PRODUCT_NAME = "$(TARGET_NAME)";
				SWIFT_VERSION = 3.0;
				TARGETED_DEVICE_FAMILY = "1,2";
			};
			name = Debug;
		};
		38C933631F3216C000671A32 /* Release */ = {
			isa = XCBuildConfiguration;
			buildSettings = {
				ASSETCATALOG_COMPILER_APPICON_NAME = AppIcon;
				DEVELOPMENT_TEAM = 9EDZ5LUZ76;
				INFOPLIST_FILE = Gnoquis/Info.plist;
				LD_RUNPATH_SEARCH_PATHS = "$(inherited) @executable_path/Frameworks";
				PRODUCT_BUNDLE_IDENTIFIER = com.rafacosin.Gnoquis;
				PRODUCT_NAME = "$(TARGET_NAME)";
				SWIFT_VERSION = 3.0;
				TARGETED_DEVICE_FAMILY = "1,2";
			};
			name = Release;
		};
/* End XCBuildConfiguration section */

/* Begin XCConfigurationList section */
		38C9334A1F3216BF00671A32 /* Build configuration list for PBXProject "Gnoquis" */ = {
			isa = XCConfigurationList;
			buildConfigurations = (
				38C9335F1F3216C000671A32 /* Debug */,
				38C933601F3216C000671A32 /* Release */,
			);
			defaultConfigurationIsVisible = 0;
			defaultConfigurationName = Release;
		};
		38C933611F3216C000671A32 /* Build configuration list for PBXNativeTarget "Gnoquis" */ = {
			isa = XCConfigurationList;
			buildConfigurations = (
				38C933621F3216C000671A32 /* Debug */,
				38C933631F3216C000671A32 /* Release */,
			);
			defaultConfigurationIsVisible = 0;
			defaultConfigurationName = Release;
		};
/* End XCConfigurationList section */
	};
	rootObject = 38C933471F3216BF00671A32 /* Project object */;
}
